
Microsoft Visual Studio Solution File, Format Version 12.00
# Visual Studio 15
VisualStudioVersion = 15.0.28307.489
MinimumVisualStudioVersion = 10.0.40219.1
Project("{FAE04EC0-301F-11D3-BF4B-00C04F79EFBC}") = "ThreadDeom", "ThreadDeom\ThreadDeom.csproj", "{26B4D0EF-1CCC-4257-8478-652A2D17392C}"
EndProject
Project("{FAE04EC0-301F-11D3-BF4B-00C04F79EFBC}") = "AttributeDeom", "AttributeDeom\AttributeDeom.csproj", "{B4FD9642-0FAA-4551-AFE8-087C7428F28B}"
EndProject
Global
	GlobalSection(SolutionConfigurationPlatforms) = preSolution
		Debug|Any CPU = Debug|Any CPU
		Release|Any CPU = Release|Any CPU
	EndGlobalSection
	GlobalSection(ProjectConfigurationPlatforms) = postSolution
		{26B4D0EF-1CCC-4257-8478-652A2D17392C}.Debug|Any CPU.ActiveCfg = Debug|Any CPU
		{26B4D0EF-1CCC-4257-8478-652A2D17392C}.Debug|Any CPU.Build.0 = Debug|Any CPU
		{26B4D0EF-1CCC-4257-8478-652A2D17392C}.Release|Any CPU.ActiveCfg = Release|Any CPU
		{26B4D0EF-1CCC-4257-8478-652A2D17392C}.Release|Any CPU.Build.0 = Release|Any CPU
		{B4FD9642-0FAA-4551-AFE8-087C7428F28B}.Debug|Any CPU.ActiveCfg = Debug|Any CPU
		{B4FD9642-0FAA-4551-AFE8-087C7428F28B}.Debug|Any CPU.Build.0 = Debug|Any CPU
		{B4FD9642-0FAA-4551-AFE8-087C7428F28B}.Release|Any CPU.ActiveCfg = Release|Any CPU
		{B4FD9642-0FAA-4551-AFE8-087C7428F28B}.Release|Any CPU.Build.0 = Release|Any CPU
	EndGlobalSection
	GlobalSection(SolutionProperties) = preSolution
		HideSolutionNode = FALSE
	EndGlobalSection
	GlobalSection(ExtensibilityGlobals) = postSolution
		SolutionGuid = {C7BE162F-1D68-4719-B87F-06A2E09E6D32}
	EndGlobalSection
EndGlobal
